
Microsoft Visual Studio Solution File, Format Version 12.00
# Visual Studio Version 16
VisualStudioVersion = 16.0.29613.14
MinimumVisualStudioVersion = 10.0.40219.1
Project("{FAE04EC0-301F-11D3-BF4B-00C04F79EFBC}") = "LawFirmView", "LawFirm\LawFirmView.csproj", "{8E27ACCD-6DF6-419F-968C-B8E78B20509A}"
EndProject
Project("{9A19103F-16F7-4668-BE54-9A1E7A4F7556}") = "LawFirmBusinessLogic", "LawFirmBusinessLogic\LawFirmBusinessLogic.csproj", "{EBD9BA28-D0DB-4D4A-A491-69246C56E7F8}"
EndProject
Project("{9A19103F-16F7-4668-BE54-9A1E7A4F7556}") = "LawFirmListImplements", "LawFirmListImplements\LawFirmListImplements.csproj", "{EE31E235-CF1F-44D1-8922-176160A7366A}"
EndProject
Project("{9A19103F-16F7-4668-BE54-9A1E7A4F7556}") = "LawFirmFileImplement", "LawFirmFileImplement\LawFirmFileImplement.csproj", "{326320C2-9681-4A43-BFB2-484C18394D83}"
EndProject
Project("{FAE04EC0-301F-11D3-BF4B-00C04F79EFBC}") = "LawFirmDatabaseImplement", "LawFirmDatabaseImplement\LawFirmDatabaseImplement.csproj", "{8CD60E43-3BA8-4286-861F-EE81CE1B38B1}"
EndProject
Global
	GlobalSection(SolutionConfigurationPlatforms) = preSolution
		Debug|Any CPU = Debug|Any CPU
		Release|Any CPU = Release|Any CPU
	EndGlobalSection
	GlobalSection(ProjectConfigurationPlatforms) = postSolution
		{8E27ACCD-6DF6-419F-968C-B8E78B20509A}.Debug|Any CPU.ActiveCfg = Debug|Any CPU
		{8E27ACCD-6DF6-419F-968C-B8E78B20509A}.Debug|Any CPU.Build.0 = Debug|Any CPU
		{8E27ACCD-6DF6-419F-968C-B8E78B20509A}.Release|Any CPU.ActiveCfg = Release|Any CPU
		{8E27ACCD-6DF6-419F-968C-B8E78B20509A}.Release|Any CPU.Build.0 = Release|Any CPU
		{EBD9BA28-D0DB-4D4A-A491-69246C56E7F8}.Debug|Any CPU.ActiveCfg = Debug|Any CPU
		{EBD9BA28-D0DB-4D4A-A491-69246C56E7F8}.Debug|Any CPU.Build.0 = Debug|Any CPU
		{EBD9BA28-D0DB-4D4A-A491-69246C56E7F8}.Release|Any CPU.ActiveCfg = Release|Any CPU
		{EBD9BA28-D0DB-4D4A-A491-69246C56E7F8}.Release|Any CPU.Build.0 = Release|Any CPU
		{EE31E235-CF1F-44D1-8922-176160A7366A}.Debug|Any CPU.ActiveCfg = Debug|Any CPU
		{EE31E235-CF1F-44D1-8922-176160A7366A}.Debug|Any CPU.Build.0 = Debug|Any CPU
		{EE31E235-CF1F-44D1-8922-176160A7366A}.Release|Any CPU.ActiveCfg = Release|Any CPU
		{EE31E235-CF1F-44D1-8922-176160A7366A}.Release|Any CPU.Build.0 = Release|Any CPU
		{E7F3DBBF-6B8B-48A7-840C-41232E7C60C8}.Debug|Any CPU.ActiveCfg = Debug|Any CPU
		{E7F3DBBF-6B8B-48A7-840C-41232E7C60C8}.Debug|Any CPU.Build.0 = Debug|Any CPU
		{E7F3DBBF-6B8B-48A7-840C-41232E7C60C8}.Release|Any CPU.ActiveCfg = Release|Any CPU
		{E7F3DBBF-6B8B-48A7-840C-41232E7C60C8}.Release|Any CPU.Build.0 = Release|Any CPU
	EndGlobalSection
	GlobalSection(SolutionProperties) = preSolution
		HideSolutionNode = FALSE
	EndGlobalSection
	GlobalSection(ExtensibilityGlobals) = postSolution
		SolutionGuid = {D73A5ED3-5B5E-4D8B-8507-70F012D21203}
	EndGlobalSection
EndGlobal
